version = 1
revision = 3
requires-python = ">=3.10"

[[package]]
name = "aiofiles"
version = "0.6.0"
source = { registry = "https://pypi.org/simple" }
sdist = { url = "https://files.pythonhosted.org/packages/77/47/19e5951cc6ed771669906d2946b3deac32a35a9a155f730be49d8fa73dc9/aiofiles-0.6.0.tar.gz", hash = "sha256:e0281b157d3d5d59d803e3f4557dcc9a3dff28a4dd4829a9ff478adae50ca092", size = 11841, upload-time = "2020-10-27T17:36:43.652Z" }
wheels = [
    { url = "https://files.pythonhosted.org/packages/ba/21/df5eae4b6db2eb00d58428dd7f793ecbf99942fcafcea141cbf108fa72f4/aiofiles-0.6.0-py3-none-any.whl", hash = "sha256:bd3019af67f83b739f8e4053c6c0512a7f545b9a8d91aaeab55e6e0f9d123c27", size = 11176, upload-time = "2020-10-30T20:19:58.426Z" },
]

[[package]]
name = "click"
version = "7.1.2"
source = { registry = "https://pypi.org/simple" }
sdist = { url = "https://files.pythonhosted.org/packages/27/6f/be940c8b1f1d69daceeb0032fee6c34d7bd70e3e649ccac0951500b4720e/click-7.1.2.tar.gz", hash = "sha256:d2b5255c7c6349bc1bd1e59e08cd12acbbd63ce649f2588755783aa94dfb6b1a", size = 297279, upload-time = "2020-04-27T20:22:45.014Z" }
wheels = [
    { url = "https://files.pythonhosted.org/packages/d2/3d/fa76db83bf75c4f8d338c2fd15c8d33fdd7ad23a9b5e57eb6c5de26b430e/click-7.1.2-py2.py3-none-any.whl", hash = "sha256:dacca89f4bfadd5de3d7489b7c8a566eee0d3676333fbb50030263894c38c0dc", size = 82780, upload-time = "2020-04-27T20:22:42.629Z" },
]

[[package]]
name = "h11"
version = "0.14.0"
source = { registry = "https://pypi.org/simple" }
sdist = { url = "https://files.pythonhosted.org/packages/f5/38/3af3d3633a34a3316095b39c8e8fb4853a28a536e55d347bd8d8e9a14b03/h11-0.14.0.tar.gz", hash = "sha256:8f19fbbe99e72420ff35c00b27a34cb9937e902a8b810e2c88300c6f0a3b699d", size = 100418, upload-time = "2022-09-25T15:40:01.519Z" }
wheels = [
    { url = "https://files.pythonhosted.org/packages/95/04/ff642e65ad6b90db43e668d70ffb6736436c7ce41fcc549f4e9472234127/h11-0.14.0-py3-none-any.whl", hash = "sha256:e3fe4ac4b851c468cc8363d500db52c2ead036020723024a109d37346efaa761", size = 58259, upload-time = "2022-09-25T15:39:59.68Z" },
]

[[package]]
name = "itsdangerous"
version = "1.1.0"
source = { registry = "https://pypi.org/simple" }
sdist = { url = "https://files.pythonhosted.org/packages/68/1a/f27de07a8a304ad5fa817bbe383d1238ac4396da447fa11ed937039fa04b/itsdangerous-1.1.0.tar.gz", hash = "sha256:321b033d07f2a4136d3ec762eac9f16a10ccd60f53c0c91af90217ace7ba1f19", size = 53219, upload-time = "2018-10-27T00:17:37.922Z" }
wheels = [
    { url = "https://files.pythonhosted.org/packages/76/ae/44b03b253d6fade317f32c24d100b3b35c2239807046a4c953c7b89fa49e/itsdangerous-1.1.0-py2.py3-none-any.whl", hash = "sha256:b12271b2047cb23eeb98c8b5622e2e5c5e9abd9784a153e9d8ef9cb4dd09d749", size = 16743, upload-time = "2018-10-27T00:17:35.954Z" },
]

[[package]]
name = "markupsafe"
version = "1.1.1"
source = { registry = "https://pypi.org/simple" }
sdist = { url = "https://files.pythonhosted.org/packages/b9/2e/64db92e53b86efccfaea71321f597fa2e1b2bd3853d8ce658568f7a13094/MarkupSafe-1.1.1.tar.gz", hash = "sha256:29872e92839765e546828bb7754a68c418d927cd064fd4708fab9fe9c8bb116b", size = 19151, upload-time = "2019-02-24T01:05:32.989Z" }

[[package]]
name = "otree"
version = "5.11.4"
source = { registry = "https://pypi.org/simple" }
dependencies = [
    { name = "aiofiles" },
    { name = "itsdangerous" },
    { name = "markupsafe" },
    { name = "python-multipart" },
    { name = "sqlalchemy" },
    { name = "starlette" },
    { name = "uvicorn" },
    { name = "websockets" },
    { name = "wtforms" },
    { name = "wtforms-sqlalchemy" },
]
sdist = { url = "https://files.pythonhosted.org/packages/bb/8c/1fdf083dcd0882304962e893ada44bf334365ea0b9d9c2c382d13099d5af/otree-5.11.4.tar.gz", hash = "sha256:c2fc5a00585adf5aa4a343b599fd35197c7c3e249ffd972e0faf4d9b048b78e2", size = 451727, upload-time = "2025-08-23T18:31:06.272Z" }

[[package]]
name = "pip"
version = "24.0"
source = { registry = "https://pypi.org/simple" }
sdist = { url = "https://files.pythonhosted.org/packages/94/59/6638090c25e9bc4ce0c42817b5a234e183872a1129735a9330c472cc2056/pip-24.0.tar.gz", hash = "sha256:ea9bd1a847e8c5774a5777bb398c19e80bcd4e2aa16a4b301b718fe6f593aba2", size = 2132709, upload-time = "2024-02-03T09:53:18.999Z" }
wheels = [
    { url = "https://files.pythonhosted.org/packages/8a/6a/19e9fe04fca059ccf770861c7d5721ab4c2aebc539889e97c7977528a53b/pip-24.0-py3-none-any.whl", hash = "sha256:ba0d021a166865d2265246961bec0152ff124de910c5cc39f1156ce3fa7c69dc", size = 2110226, upload-time = "2024-02-03T09:53:09.575Z" },
]

[[package]]
name = "psycopg2"
version = "2.9.11"
source = { registry = "https://pypi.org/simple" }
sdist = { url = "https://files.pythonhosted.org/packages/89/8d/9d12bc8677c24dad342ec777529bce705b3e785fa05d85122b5502b9ab55/psycopg2-2.9.11.tar.gz", hash = "sha256:964d31caf728e217c697ff77ea69c2ba0865fa41ec20bb00f0977e62fdcc52e3", size = 379598, upload-time = "2025-10-10T11:14:46.075Z" }
wheels = [
    { url = "https://files.pythonhosted.org/packages/e3/ba/b7672ed9d0be238265972ef52a7a8c9e9e815ca2a7dc19a1b2e4b5b637f0/psycopg2-2.9.11-cp310-cp310-win_amd64.whl", hash = "sha256:103e857f46bb76908768ead4e2d0ba1d1a130e7b8ed77d3ae91e8b33481813e8", size = 2713725, upload-time = "2025-10-10T11:10:09.391Z" },
    { url = "https://files.pythonhosted.org/packages/86/fe/d6dce306fd7b61e312757ba4d068617f562824b9c6d3e4a39fc578ea2814/psycopg2-2.9.11-cp311-cp311-win_amd64.whl", hash = "sha256:210daed32e18f35e3140a1ebe059ac29209dd96468f2f7559aa59f75ee82a5cb", size = 2713723, upload-time = "2025-10-10T11:10:12.957Z" },
    { url = "https://files.pythonhosted.org/packages/b5/bf/635fbe5dd10ed200afbbfbe98f8602829252ca1cce81cc48fb25ed8dadc0/psycopg2-2.9.11-cp312-cp312-win_amd64.whl", hash = "sha256:e03e4a6dbe87ff81540b434f2e5dc2bddad10296db5eea7bdc995bf5f4162938", size = 2713969, upload-time = "2025-10-10T11:10:15.946Z" },
    { url = "https://files.pythonhosted.org/packages/88/5a/18c8cb13fc6908dc41a483d2c14d927a7a3f29883748747e8cb625da6587/psycopg2-2.9.11-cp313-cp313-win_amd64.whl", hash = "sha256:8dc379166b5b7d5ea66dcebf433011dfc51a7bb8a5fc12367fa05668e5fc53c8", size = 2714048, upload-time = "2025-10-10T11:10:19.816Z" },
    { url = "https://files.pythonhosted.org/packages/47/08/737aa39c78d705a7ce58248d00eeba0e9fc36be488f9b672b88736fbb1f7/psycopg2-2.9.11-cp314-cp314-win_amd64.whl", hash = "sha256:f10a48acba5fe6e312b891f290b4d2ca595fc9a06850fe53320beac353575578", size = 2803738, upload-time = "2025-10-10T11:10:23.196Z" },
]

[[package]]
name = "psycopg2-binary"
version = "2.9.11"
source = { registry = "https://pypi.org/simple" }
sdist = { url = "https://files.pythonhosted.org/packages/ac/6c/8767aaa597ba424643dc87348c6f1754dd9f48e80fdc1b9f7ca5c3a7c213/psycopg2-binary-2.9.11.tar.gz", hash = "sha256:b6aed9e096bf63f9e75edf2581aa9a7e7186d97ab5c177aa6c87797cd591236c", size = 379620, upload-time = "2025-10-10T11:14:48.041Z" }
wheels = [
    { url = "https://files.pythonhosted.org/packages/6a/f2/8e377d29c2ecf99f6062d35ea606b036e8800720eccfec5fe3dd672c2b24/psycopg2_binary-2.9.11-cp310-cp310-macosx_10_9_x86_64.whl", hash = "sha256:d6fe6b47d0b42ce1c9f1fa3e35bb365011ca22e39db37074458f27921dca40f2", size = 3756506, upload-time = "2025-10-10T11:10:30.144Z" },
    { url = "https://files.pythonhosted.org/packages/24/cc/dc143ea88e4ec9d386106cac05023b69668bd0be20794c613446eaefafe5/psycopg2_binary-2.9.11-cp310-cp310-macosx_11_0_arm64.whl", hash = "sha256:a6c0e4262e089516603a09474ee13eabf09cb65c332277e39af68f6233911087", size = 3863943, upload-time = "2025-10-10T11:10:34.586Z" },
    { url = "https://files.pythonhosted.org/packages/c7/ae/8d8266f6dd183ab4d48b95b9674034e1b482a3f8619b33a0d86438694577/psycopg2_binary-2.9.11-cp311-cp311-macosx_10_9_x86_64.whl", hash = "sha256:0e8480afd62362d0a6a27dd09e4ca2def6fa50ed3a4e7c09165266106b2ffa10", size = 3756452, upload-time = "2025-10-10T11:11:11.583Z" },
    { url = "https://files.pythonhosted.org/packages/4b/34/aa03d327739c1be70e09d01182619aca8ebab5970cd0cfa50dd8b9cec2ac/psycopg2_binary-2.9.11-cp311-cp311-macosx_11_0_arm64.whl", hash = "sha256:763c93ef1df3da6d1a90f86ea7f3f806dc06b21c198fa87c3c25504abec9404a", size = 3863957, upload-time = "2025-10-10T11:11:16.932Z" },
    { url = "https://files.pythonhosted.org/packages/d8/91/f870a02f51be4a65987b45a7de4c2e1897dd0d01051e2b559a38fa634e3e/psycopg2_binary-2.9.11-cp312-cp312-macosx_10_13_x86_64.whl", hash = "sha256:be9b840ac0525a283a96b556616f5b4820e0526addb8dcf6525a0fa162730be4", size = 3756603, upload-time = "2025-10-10T11:11:52.213Z" },
    { url = "https://files.pythonhosted.org/packages/27/fa/cae40e06849b6c9a95eb5c04d419942f00d9eaac8d81626107461e268821/psycopg2_binary-2.9.11-cp312-cp312-macosx_11_0_arm64.whl", hash = "sha256:f090b7ddd13ca842ebfe301cd587a76a4cf0913b1e429eb92c1be5dbeb1a19bc", size = 3864509, upload-time = "2025-10-10T11:11:56.452Z" },
    { url = "https://files.pythonhosted.org/packages/ff/a8/a2709681b3ac11b0b1786def10006b8995125ba268c9a54bea6f5ae8bd3e/psycopg2_binary-2.9.11-cp313-cp313-macosx_10_13_x86_64.whl", hash = "sha256:b8fb3db325435d34235b044b199e56cdf9ff41223a4b9752e8576465170bb38c", size = 3756572, upload-time = "2025-10-10T11:12:32.873Z" },
    { url = "https://files.pythonhosted.org/packages/62/e1/c2b38d256d0dafd32713e9f31982a5b028f4a3651f446be70785f484f472/psycopg2_binary-2.9.11-cp313-cp313-macosx_11_0_arm64.whl", hash = "sha256:366df99e710a2acd90efed3764bb1e28df6c675d33a7fb40df9b7281694432ee", size = 3864529, upload-time = "2025-10-10T11:12:36.791Z" },
    { url = "https://files.pythonhosted.org/packages/64/12/93ef0098590cf51d9732b4f139533732565704f45bdc1ffa741b7c95fb54/psycopg2_binary-2.9.11-cp314-cp314-macosx_10_13_x86_64.whl", hash = "sha256:92e3b669236327083a2e33ccfa0d320dd01b9803b3e14dd986a4fc54aa00f4e1", size = 3756567, upload-time = "2025-10-10T11:13:11.885Z" },
    { url = "https://files.pythonhosted.org/packages/7c/a9/9d55c614a891288f15ca4b5209b09f0f01e3124056924e17b81b9fa054cc/psycopg2_binary-2.9.11-cp314-cp314-macosx_11_0_arm64.whl", hash = "sha256:e0deeb03da539fa3577fcb0b3f2554a97f7e5477c246098dbb18091a4a01c16f", size = 3864755, upload-time = "2025-10-10T11:13:17.727Z" },
]

[[package]]
name = "python-dotenv"
version = "1.0.1"
source = { registry = "https://pypi.org/simple" }
sdist = { url = "https://files.pythonhosted.org/packages/bc/57/e84d88dfe0aec03b7a2d4327012c1627ab5f03652216c63d49846d7a6c58/python-dotenv-1.0.1.tar.gz", hash = "sha256:e324ee90a023d808f1959c46bcbc04446a10ced277783dc6ee09987c37ec10ca", size = 39115, upload-time = "2024-01-23T06:33:00.505Z" }
wheels = [
    { url = "https://files.pythonhosted.org/packages/6a/3e/b68c118422ec867fa7ab88444e1274aa40681c606d59ac27de5a5588f082/python_dotenv-1.0.1-py3-none-any.whl", hash = "sha256:f7b63ef50f1b690dddf550d03497b66d609393b40b564ed0d674909a68ebf16a", size = 19863, upload-time = "2024-01-23T06:32:58.246Z" },
]

[[package]]
name = "python-multipart"
version = "0.0.5"
source = { registry = "https://pypi.org/simple" }
dependencies = [
    { name = "six" },
]
sdist = { url = "https://files.pythonhosted.org/packages/46/40/a933ac570bf7aad12a298fc53458115cc74053474a72fbb8201d7dc06d3d/python-multipart-0.0.5.tar.gz", hash = "sha256:f7bb5f611fc600d15fa47b3974c8aa16e93724513b49b5f95c81e6624c83fa43", size = 32581, upload-time = "2018-10-12T08:36:41.595Z" }

[[package]]
name = "savings-game"
version = "0.1.0"
source = { virtual = "." }
dependencies = [
    { name = "aiofiles" },
    { name = "click" },
    { name = "h11" },
    { name = "itsdangerous" },
    { name = "markupsafe" },
    { name = "otree" },
    { name = "pip" },
    { name = "psycopg2", marker = "sys_platform != 'darwin'" },
    { name = "psycopg2-binary", marker = "sys_platform == 'darwin'" },
    { name = "python-dotenv" },
    { name = "python-multipart" },
    { name = "setuptools" },
    { name = "six" },
    { name = "sqlalchemy" },
    { name = "uvicorn" },
    { name = "websockets" },
    { name = "wheel" },
    { name = "wtforms" },
    { name = "wtforms-sqlalchemy" },
]

[package.metadata]
requires-dist = [
    { name = "aiofiles", specifier = "==0.6.0" },
    { name = "click", specifier = "==7.1.2" },
    { name = "h11", specifier = "==0.14.0" },
    { name = "itsdangerous", specifier = "==1.1.0" },
    { name = "markupsafe", specifier = "==1.1.1" },
    { name = "otree", specifier = "==5.11.4" },
    { name = "pip", specifier = "==24.0" },
    { name = "psycopg2", marker = "sys_platform != 'darwin'", specifier = ">=2.8.4" },
    { name = "psycopg2-binary", marker = "sys_platform == 'darwin'", specifier = ">=2.8.4" },
    { name = "python-dotenv", specifier = "==1.0.1" },
    { name = "python-multipart", specifier = "==0.0.5" },
    { name = "setuptools", specifier = "==70.0.0" },
    { name = "six", specifier = "==1.16.0" },
    { name = "sqlalchemy", specifier = "==1.3.22" },
    { name = "uvicorn", specifier = "==0.13.4" },
    { name = "websockets", specifier = "==10.1" },
    { name = "wheel", specifier = "==0.43.0" },
    { name = "wtforms", specifier = "==2.3.3" },
    { name = "wtforms-sqlalchemy", specifier = "==0.2" },
]

[[package]]
name = "setuptools"
version = "70.0.0"
source = { registry = "https://pypi.org/simple" }
sdist = { url = "https://files.pythonhosted.org/packages/aa/60/5db2249526c9b453c5bb8b9f6965fcab0ddb7f40ad734420b3b421f7da44/setuptools-70.0.0.tar.gz", hash = "sha256:f211a66637b8fa059bb28183da127d4e86396c991a942b028c6650d4319c3fd0", size = 2265182, upload-time = "2024-05-21T10:28:18.891Z" }
wheels = [
    { url = "https://files.pythonhosted.org/packages/de/88/70c5767a0e43eb4451c2200f07d042a4bcd7639276003a9c54a68cfcc1f8/setuptools-70.0.0-py3-none-any.whl", hash = "sha256:54faa7f2e8d2d11bcd2c07bed282eef1046b5c080d1c32add737d7b5817b1ad4", size = 863432, upload-time = "2024-05-21T10:28:12.781Z" },
]

[[package]]
name = "six"
version = "1.16.0"
source = { registry = "https://pypi.org/simple" }
sdist = { url = "https://files.pythonhosted.org/packages/71/39/171f1c67cd00715f190ba0b100d606d440a28c93c7714febeca8b79af85e/six-1.16.0.tar.gz", hash = "sha256:1e61c37477a1626458e36f7b1d82aa5c9b094fa4802892072e49de9c60c4c926", size = 34041, upload-time = "2021-05-05T14:18:18.379Z" }
wheels = [
    { url = "https://files.pythonhosted.org/packages/d9/5a/e7c31adbe875f2abbb91bd84cf2dc52d792b5a01506781dbcf25c91daf11/six-1.16.0-py2.py3-none-any.whl", hash = "sha256:8abb2f1d86890a2dfb989f9a77cfcfd3e47c2a354b01111771326f8aa26e0254", size = 11053, upload-time = "2021-05-05T14:18:17.237Z" },
]

[[package]]
name = "sqlalchemy"
version = "1.3.22"
source = { registry = "https://pypi.org/simple" }
sdist = { url = "https://files.pythonhosted.org/packages/b7/10/b6d02efa2cb10dca0671fd62c9091c1e49831b266658fd7a056c577621cb/SQLAlchemy-1.3.22.tar.gz", hash = "sha256:758fc8c4d6c0336e617f9f6919f9daea3ab6bb9b07005eda9a1a682e24a6cacc", size = 6300186, upload-time = "2020-12-18T21:11:36.311Z" }

[[package]]
name = "starlette"
version = "0.14.1"
source = { registry = "https://pypi.org/simple" }
sdist = { url = "https://files.pythonhosted.org/packages/33/62/accb8a86fed6ffb95a8dd1c8730450fba1dfd8e93271e9b17a476deb24ec/starlette-0.14.1.tar.gz", hash = "sha256:5268ef5d4904ec69582d5fd207b869a5aa0cd59529848ba4cf429b06e3ced99a", size = 50007, upload-time = "2020-11-09T15:18:27.843Z" }
wheels = [
    { url = "https://files.pythonhosted.org/packages/7b/a5/a845fe881f223069d9dd44aef814db0f83bc660c4324fcbe29dd3476c8e7/starlette-0.14.1-py3-none-any.whl", hash = "sha256:d2f55fb835378442b812637ed3e3fcef3d3e22d292fcb8400fa48d2473202411", size = 60588, upload-time = "2020-11-09T15:18:24.754Z" },
]

[[package]]
name = "uvicorn"
version = "0.13.4"
source = { registry = "https://pypi.org/simple" }
dependencies = [
    { name = "click" },
    { name = "h11" },
]
sdist = { url = "https://files.pythonhosted.org/packages/26/6c/6ace1cd024a27dd692c80fd31c8e51e6b81bde459e2cae06b5ab30fc37d2/uvicorn-0.13.4.tar.gz", hash = "sha256:3292251b3c7978e8e4a7868f4baf7f7f7bb7e40c759ecc125c37e99cdea34202", size = 32426, upload-time = "2021-02-20T16:49:34.143Z" }
wheels = [
    { url = "https://files.pythonhosted.org/packages/c8/de/953f0289508b1b92debdf0a6822d9b88ffb0c6ad471d709cf639a2c8a176/uvicorn-0.13.4-py3-none-any.whl", hash = "sha256:7587f7b08bd1efd2b9bad809a3d333e972f1d11af8a5e52a9371ee3a5de71524", size = 46057, upload-time = "2021-02-20T16:49:32.97Z" },
]

[[package]]
name = "websockets"
version = "10.1"
source = { registry = "https://pypi.org/simple" }
sdist = { url = "https://files.pythonhosted.org/packages/69/77/591bbc51a5ed6a906a7813e60a9627f988f9546513fcf9d250eb31ec8689/websockets-10.1.tar.gz", hash = "sha256:181d2b25de5a437b36aefedaf006ecb6fa3aa1328ec0236cdde15f32f9d3ff6d", size = 83091, upload-time = "2021-11-14T20:15:27.324Z" }
wheels = [
    { url = "https://files.pythonhosted.org/packages/1a/f8/a75e1dc628a01a73317d7c0580223e298feb4ab14522f980d3eebd32a6c1/websockets-10.1-cp310-cp310-macosx_10_9_universal2.whl", hash = "sha256:38db6e2163b021642d0a43200ee2dec8f4980bdbda96db54fde72b283b54cbfc", size = 98859, upload-time = "2021-11-14T20:14:32.943Z" },
    { url = "https://files.pythonhosted.org/packages/f1/02/58a8df47a0db00553259bf87c6f8cbfebe5defd90dbe359970ce18229ca4/websockets-10.1-cp310-cp310-macosx_10_9_x86_64.whl", hash = "sha256:e1b60fd297adb9fc78375778a5220da7f07bf54d2a33ac781319650413fc6a60", size = 96156, upload-time = "2021-11-14T20:14:34.608Z" },
    { url = "https://files.pythonhosted.org/packages/97/f1/9d432335a5133373f87b50bc315802f6800665045a0fde32190cc84d6d5d/websockets-10.1-cp310-cp310-macosx_11_0_arm64.whl", hash = "sha256:3477146d1f87ead8df0f27e8960249f5248dceb7c2741e8bbec9aa5338d0c053", size = 96189, upload-time = "2021-11-14T20:14:35.671Z" },
    { url = "https://files.pythonhosted.org/packages/56/f3/056802e202420e9511f4a3a590eefe379d657d1f6370e3c69b4166159f44/websockets-10.1-cp310-cp310-manylinux_2_17_aarch64.manylinux2014_aarch64.whl", hash = "sha256:bb01ea7b5f52e7125bdc3c5807aeaa2d08a0553979cf2d96a8b7803ea33e15e7", size = 105765, upload-time = "2021-11-14T20:14:37.055Z" },
    { url = "https://files.pythonhosted.org/packages/e4/d9/e605c1e5b6b588936b74fa1cac0b7cf1193b10baffa0c1595662cb5216b6/websockets-10.1-cp310-cp310-manylinux_2_5_i686.manylinux1_i686.manylinux_2_12_i686.manylinux2010_i686.whl", hash = "sha256:9fd62c6dc83d5d35fb6a84ff82ec69df8f4657fff05f9cd6c7d9bec0dd57f0f6", size = 109562, upload-time = "2021-11-14T20:14:38.119Z" },
    { url = "https://files.pythonhosted.org/packages/01/8f/3d1cc1bc9b611143142f18195960f583c78b4f7378b530d7e3b465d85c73/websockets-10.1-cp310-cp310-manylinux_2_5_x86_64.manylinux1_x86_64.manylinux_2_12_x86_64.manylinux2010_x86_64.whl", hash = "sha256:3bbf080f3892ba1dc8838786ec02899516a9d227abe14a80ef6fd17d4fb57127", size = 110451, upload-time = "2021-11-14T20:14:39.524Z" },
    { url = "https://files.pythonhosted.org/packages/0f/f8/767082ac41e21adac985c7fc16b29163c653d68724d659999488a934181f/websockets-10.1-cp310-cp310-musllinux_1_1_aarch64.whl", hash = "sha256:5560558b0dace8312c46aa8915da977db02738ac8ecffbc61acfbfe103e10155", size = 109814, upload-time = "2021-11-14T20:14:40.553Z" },
    { url = "https://files.pythonhosted.org/packages/c0/62/fe56120b62991c147c1da2f69847a1a26e99a1f264ddb42dfe9ac66be018/websockets-10.1-cp310-cp310-musllinux_1_1_i686.whl", hash = "sha256:667c41351a6d8a34b53857ceb8343a45c85d438ee4fd835c279591db8aeb85be", size = 109061, upload-time = "2021-11-14T20:14:41.688Z" },
    { url = "https://files.pythonhosted.org/packages/d5/83/214361421ed3fc77dda83e4dddd8d7c290512c22a5ee5af887bba5824140/websockets-10.1-cp310-cp310-musllinux_1_1_x86_64.whl", hash = "sha256:468f0031fdbf4d643f89403a66383247eb82803430b14fa27ce2d44d2662ca37", size = 109670, upload-time = "2021-11-14T20:14:43.204Z" },
    { url = "https://files.pythonhosted.org/packages/55/2d/0596f3512452ea583c35a8f04bec64903540b81e9745c54264f37a262515/websockets-10.1-cp310-cp310-win32.whl", hash = "sha256:d0d81b46a5c87d443e40ce2272436da8e6092aa91f5fbeb60d1be9f11eff5b4c", size = 96906, upload-time = "2021-11-14T20:14:44.594Z" },
    { url = "https://files.pythonhosted.org/packages/cb/43/f8ba4167640b716a6a04f793f15296e48f0295756d28902d05c2bdc0671f/websockets-10.1-cp310-cp310-win_amd64.whl", hash = "sha256:b68b6caecb9a0c6db537aa79750d1b592a841e4f1a380c6196091e65b2ad35f9", size = 97557, upload-time = "2021-11-14T20:14:45.652Z" },
]

[[package]]
name = "wheel"
version = "0.43.0"
source = { registry = "https://pypi.org/simple" }
sdist = { url = "https://files.pythonhosted.org/packages/b8/d6/ac9cd92ea2ad502ff7c1ab683806a9deb34711a1e2bd8a59814e8fc27e69/wheel-0.43.0.tar.gz", hash = "sha256:465ef92c69fa5c5da2d1cf8ac40559a8c940886afcef87dcf14b9470862f1d85", size = 99109, upload-time = "2024-03-11T19:29:17.32Z" }
wheels = [
    { url = "https://files.pythonhosted.org/packages/7d/cd/d7460c9a869b16c3dd4e1e403cce337df165368c71d6af229a74699622ce/wheel-0.43.0-py3-none-any.whl", hash = "sha256:55c570405f142630c6b9f72fe09d9b67cf1477fcf543ae5b8dcb1f5b7377da81", size = 65775, upload-time = "2024-03-11T19:29:15.522Z" },
]

[[package]]
name = "wtforms"
version = "2.3.3"
source = { registry = "https://pypi.org/simple" }
dependencies = [
    { name = "markupsafe" },
]
sdist = { url = "https://files.pythonhosted.org/packages/dd/3f/f25d26b1c66896e2876124a12cd8be8f606abf4e1890a20f3ca04e4a1555/WTForms-2.3.3.tar.gz", hash = "sha256:81195de0ac94fbc8368abbaf9197b88c4f3ffd6c2719b5bf5fc9da744f3d829c", size = 162945, upload-time = "2020-07-30T17:08:26.883Z" }
wheels = [
    { url = "https://files.pythonhosted.org/packages/e0/31/614fc7dc7d76005b0acb8c0c8920d962b83d7422b4ba912886dfb63f86ff/WTForms-2.3.3-py2.py3-none-any.whl", hash = "sha256:7b504fc724d0d1d4d5d5c114e778ec88c37ea53144683e084215eed5155ada4c", size = 169106, upload-time = "2020-07-30T17:08:25.026Z" },
]

[[package]]
name = "wtforms-sqlalchemy"
version = "0.2"
source = { registry = "https://pypi.org/simple" }
dependencies = [
    { name = "sqlalchemy" },
    { name = "wtforms" },
]
sdist = { url = "https://files.pythonhosted.org/packages/0d/de/c40cf5e49ebe21d43ded5b17c5db4c507b8c309d668f83274f9d43d11ca5/WTForms-SQLAlchemy-0.2.tar.gz", hash = "sha256:2ef019cb9bf1e544911b3e08aff963b67fb9409db9d2029eb71c73d1af1f8f16", size = 17222, upload-time = "2020-07-26T16:24:19.519Z" }
wheels = [
    { url = "https://files.pythonhosted.org/packages/b8/0c/47a2e5f0dc74c51160d414ab504d764247a4ff759a3b8785b49baf8bb341/WTForms_SQLAlchemy-0.2-py3-none-any.whl", hash = "sha256:5160250c04782e26a7485a3913b8d52c2548b609ee3117f3e32aee2c20c919ba", size = 8787, upload-time = "2020-07-26T16:24:17.85Z" },
]
